// !$*UTF8*$!
{
	archiveVersion = 1;
	classes = {
	};
	objectVersion = 48;
	objects = {

/* Begin PBXBuildFile section */
		F116F8F11FB64288004FE32C /* StyleSheet.framework in Frameworks */ = {isa = PBXBuildFile; fileRef = F116F8E71FB64288004FE32C /* StyleSheet.framework */; };
		F116F8F61FB64288004FE32C /* StyleSpec.swift in Sources */ = {isa = PBXBuildFile; fileRef = F116F8F51FB64288004FE32C /* StyleSpec.swift */; };
		F116F8F81FB64288004FE32C /* StyleSheet.h in Headers */ = {isa = PBXBuildFile; fileRef = F116F8EA1FB64288004FE32C /* StyleSheet.h */; settings = {ATTRIBUTES = (Public, ); }; };
		F156C57B1FB64F2600EEC593 /* Nimble.framework in Frameworks */ = {isa = PBXBuildFile; fileRef = F156C5791FB64F2600EEC593 /* Nimble.framework */; };
		F156C57C1FB64F2600EEC593 /* Quick.framework in Frameworks */ = {isa = PBXBuildFile; fileRef = F156C57A1FB64F2600EEC593 /* Quick.framework */; };
		F156C5801FB651B200EEC593 /* Quick.framework in CopyFiles */ = {isa = PBXBuildFile; fileRef = F156C57A1FB64F2600EEC593 /* Quick.framework */; settings = {ATTRIBUTES = (CodeSignOnCopy, RemoveHeadersOnCopy, ); }; };
		F156C5811FB651B200EEC593 /* Nimble.framework in CopyFiles */ = {isa = PBXBuildFile; fileRef = F156C5791FB64F2600EEC593 /* Nimble.framework */; settings = {ATTRIBUTES = (CodeSignOnCopy, RemoveHeadersOnCopy, ); }; };
		F156C5831FB6534300EEC593 /* Style.swift in Sources */ = {isa = PBXBuildFile; fileRef = F156C5821FB6534300EEC593 /* Style.swift */; };
		F178E80F1FCB568800516878 /* SwizzleSpec.swift in Sources */ = {isa = PBXBuildFile; fileRef = F17BA5BF1FC97C48008C7F3C /* SwizzleSpec.swift */; };
		F178E8101FCB568D00516878 /* Swizzle.swift in Sources */ = {isa = PBXBuildFile; fileRef = F17BA5C11FC97ED2008C7F3C /* Swizzle.swift */; };
		F178E8111FCB568D00516878 /* ObjC.swift in Sources */ = {isa = PBXBuildFile; fileRef = F17BA5CC1FCACEBC008C7F3C /* ObjC.swift */; };
		F17BA5961FC62866008C7F3C /* RootStyleSpec.swift in Sources */ = {isa = PBXBuildFile; fileRef = F17BA5951FC62866008C7F3C /* RootStyleSpec.swift */; };
		F17BA5981FC628CF008C7F3C /* RootStyle.swift in Sources */ = {isa = PBXBuildFile; fileRef = F17BA5971FC628CF008C7F3C /* RootStyle.swift */; };
		F17BA5A01FC8B570008C7F3C /* AppDelegate.swift in Sources */ = {isa = PBXBuildFile; fileRef = F17BA59F1FC8B570008C7F3C /* AppDelegate.swift */; };
		F17BA5A71FC8B570008C7F3C /* Assets.xcassets in Resources */ = {isa = PBXBuildFile; fileRef = F17BA5A61FC8B570008C7F3C /* Assets.xcassets */; };
		F17BA5AA1FC8B570008C7F3C /* LaunchScreen.storyboard in Resources */ = {isa = PBXBuildFile; fileRef = F17BA5A81FC8B570008C7F3C /* LaunchScreen.storyboard */; };
		F17BA5C51FC98294008C7F3C /* StyleBodyMock.swift in Sources */ = {isa = PBXBuildFile; fileRef = F17BA5C41FC98294008C7F3C /* StyleBodyMock.swift */; };
		F17BA5C71FC982AC008C7F3C /* StyleMock.swift in Sources */ = {isa = PBXBuildFile; fileRef = F17BA5C61FC982AC008C7F3C /* StyleMock.swift */; };
		F17BA5C91FC982D7008C7F3C /* StyleTarget.swift in Sources */ = {isa = PBXBuildFile; fileRef = F17BA5C81FC982D7008C7F3C /* StyleTarget.swift */; };
		F17BA5CB1FC98A23008C7F3C /* SwizzleTarget.swift in Sources */ = {isa = PBXBuildFile; fileRef = F17BA5CA1FC98A23008C7F3C /* SwizzleTarget.swift */; };
		F1837B321FE31AF9009027ED /* SwizzlingViewInterceptorSpec.swift in Sources */ = {isa = PBXBuildFile; fileRef = F1837B311FE31AF9009027ED /* SwizzlingViewInterceptorSpec.swift */; };
		F1837B341FE31B56009027ED /* SwizzlingViewInterceptor.swift in Sources */ = {isa = PBXBuildFile; fileRef = F1837B331FE31B56009027ED /* SwizzlingViewInterceptor.swift */; };
		F1837B381FE9A65A009027ED /* ViewIntercepting.swift in Sources */ = {isa = PBXBuildFile; fileRef = F1837B371FE9A65A009027ED /* ViewIntercepting.swift */; };
		F1C9B1781FC0432B003D52A7 /* StyleSheetSpec.swift in Sources */ = {isa = PBXBuildFile; fileRef = F1C9B1771FC0432B003D52A7 /* StyleSheetSpec.swift */; };
		F1D3FD991FEEE2CC00AABE20 /* ViewInterceptorMock.swift in Sources */ = {isa = PBXBuildFile; fileRef = F1D3FD981FEEE2CC00AABE20 /* ViewInterceptorMock.swift */; };
/* End PBXBuildFile section */

/* Begin PBXContainerItemProxy section */
		F116F8F21FB64288004FE32C /* PBXContainerItemProxy */ = {
			isa = PBXContainerItemProxy;
			containerPortal = F116F8DE1FB64288004FE32C /* Project object */;
			proxyType = 1;
			remoteGlobalIDString = F116F8E61FB64288004FE32C;
			remoteInfo = StyleSheet;
		};
		F17BA5BD1FC8B578008C7F3C /* PBXContainerItemProxy */ = {
			isa = PBXContainerItemProxy;
			containerPortal = F116F8DE1FB64288004FE32C /* Project object */;
			proxyType = 1;
			remoteGlobalIDString = F17BA59C1FC8B570008C7F3C;
			remoteInfo = StyleSheetHost;
		};
/* End PBXContainerItemProxy section */

/* Begin PBXCopyFilesBuildPhase section */
		F156C57F1FB651A000EEC593 /* CopyFiles */ = {
			isa = PBXCopyFilesBuildPhase;
			buildActionMask = 2147483647;
			dstPath = "";
			dstSubfolderSpec = 10;
			files = (
				F156C5801FB651B200EEC593 /* Quick.framework in CopyFiles */,
				F156C5811FB651B200EEC593 /* Nimble.framework in CopyFiles */,
			);
			runOnlyForDeploymentPostprocessing = 0;
		};
/* End PBXCopyFilesBuildPhase section */

/* Begin PBXFileReference section */
		F116F8E71FB64288004FE32C /* StyleSheet.framework */ = {isa = PBXFileReference; explicitFileType = wrapper.framework; includeInIndex = 0; path = StyleSheet.framework; sourceTree = BUILT_PRODUCTS_DIR; };
		F116F8EA1FB64288004FE32C /* StyleSheet.h */ = {isa = PBXFileReference; lastKnownFileType = sourcecode.c.h; path = StyleSheet.h; sourceTree = "<group>"; };
		F116F8EB1FB64288004FE32C /* Info.plist */ = {isa = PBXFileReference; lastKnownFileType = text.plist.xml; path = Info.plist; sourceTree = "<group>"; };
		F116F8F01FB64288004FE32C /* StyleSheetTests.xctest */ = {isa = PBXFileReference; explicitFileType = wrapper.cfbundle; includeInIndex = 0; path = StyleSheetTests.xctest; sourceTree = BUILT_PRODUCTS_DIR; };
		F116F8F51FB64288004FE32C /* StyleSpec.swift */ = {isa = PBXFileReference; lastKnownFileType = sourcecode.swift; path = StyleSpec.swift; sourceTree = "<group>"; };
		F116F8F71FB64288004FE32C /* Info.plist */ = {isa = PBXFileReference; lastKnownFileType = text.plist.xml; path = Info.plist; sourceTree = "<group>"; };
		F156C5791FB64F2600EEC593 /* Nimble.framework */ = {isa = PBXFileReference; lastKnownFileType = wrapper.framework; name = Nimble.framework; path = ../Carthage/Build/iOS/Nimble.framework; sourceTree = "<group>"; };
		F156C57A1FB64F2600EEC593 /* Quick.framework */ = {isa = PBXFileReference; lastKnownFileType = wrapper.framework; name = Quick.framework; path = ../Carthage/Build/iOS/Quick.framework; sourceTree = "<group>"; };
		F156C5821FB6534300EEC593 /* Style.swift */ = {isa = PBXFileReference; lastKnownFileType = sourcecode.swift; path = Style.swift; sourceTree = "<group>"; };
		F17BA5951FC62866008C7F3C /* RootStyleSpec.swift */ = {isa = PBXFileReference; lastKnownFileType = sourcecode.swift; path = RootStyleSpec.swift; sourceTree = "<group>"; };
		F17BA5971FC628CF008C7F3C /* RootStyle.swift */ = {isa = PBXFileReference; lastKnownFileType = sourcecode.swift; path = RootStyle.swift; sourceTree = "<group>"; };
		F17BA59D1FC8B570008C7F3C /* StyleSheetHost.app */ = {isa = PBXFileReference; explicitFileType = wrapper.application; includeInIndex = 0; path = StyleSheetHost.app; sourceTree = BUILT_PRODUCTS_DIR; };
		F17BA59F1FC8B570008C7F3C /* AppDelegate.swift */ = {isa = PBXFileReference; lastKnownFileType = sourcecode.swift; path = AppDelegate.swift; sourceTree = "<group>"; };
		F17BA5A61FC8B570008C7F3C /* Assets.xcassets */ = {isa = PBXFileReference; lastKnownFileType = folder.assetcatalog; path = Assets.xcassets; sourceTree = "<group>"; };
		F17BA5A91FC8B570008C7F3C /* Base */ = {isa = PBXFileReference; lastKnownFileType = file.storyboard; name = Base; path = Base.lproj/LaunchScreen.storyboard; sourceTree = "<group>"; };
		F17BA5AB1FC8B570008C7F3C /* Info.plist */ = {isa = PBXFileReference; lastKnownFileType = text.plist.xml; path = Info.plist; sourceTree = "<group>"; };
		F17BA5BF1FC97C48008C7F3C /* SwizzleSpec.swift */ = {isa = PBXFileReference; lastKnownFileType = sourcecode.swift; path = SwizzleSpec.swift; sourceTree = "<group>"; };
		F17BA5C11FC97ED2008C7F3C /* Swizzle.swift */ = {isa = PBXFileReference; lastKnownFileType = sourcecode.swift; path = Swizzle.swift; sourceTree = "<group>"; };
		F17BA5C41FC98294008C7F3C /* StyleBodyMock.swift */ = {isa = PBXFileReference; lastKnownFileType = sourcecode.swift; path = StyleBodyMock.swift; sourceTree = "<group>"; };
		F17BA5C61FC982AC008C7F3C /* StyleMock.swift */ = {isa = PBXFileReference; lastKnownFileType = sourcecode.swift; path = StyleMock.swift; sourceTree = "<group>"; };
		F17BA5C81FC982D7008C7F3C /* StyleTarget.swift */ = {isa = PBXFileReference; lastKnownFileType = sourcecode.swift; path = StyleTarget.swift; sourceTree = "<group>"; };
		F17BA5CA1FC98A23008C7F3C /* SwizzleTarget.swift */ = {isa = PBXFileReference; lastKnownFileType = sourcecode.swift; path = SwizzleTarget.swift; sourceTree = "<group>"; };
		F17BA5CC1FCACEBC008C7F3C /* ObjC.swift */ = {isa = PBXFileReference; lastKnownFileType = sourcecode.swift; path = ObjC.swift; sourceTree = "<group>"; };
		F1837B311FE31AF9009027ED /* SwizzlingViewInterceptorSpec.swift */ = {isa = PBXFileReference; lastKnownFileType = sourcecode.swift; path = SwizzlingViewInterceptorSpec.swift; sourceTree = "<group>"; };
		F1837B331FE31B56009027ED /* SwizzlingViewInterceptor.swift */ = {isa = PBXFileReference; lastKnownFileType = sourcecode.swift; path = SwizzlingViewInterceptor.swift; sourceTree = "<group>"; };
		F1837B371FE9A65A009027ED /* ViewIntercepting.swift */ = {isa = PBXFileReference; lastKnownFileType = sourcecode.swift; path = ViewIntercepting.swift; sourceTree = "<group>"; };
		F1C9B1771FC0432B003D52A7 /* StyleSheetSpec.swift */ = {isa = PBXFileReference; lastKnownFileType = sourcecode.swift; path = StyleSheetSpec.swift; sourceTree = "<group>"; };
		F1D3FD981FEEE2CC00AABE20 /* ViewInterceptorMock.swift */ = {isa = PBXFileReference; lastKnownFileType = sourcecode.swift; path = ViewInterceptorMock.swift; sourceTree = "<group>"; };
/* End PBXFileReference section */

/* Begin PBXFrameworksBuildPhase section */
		F116F8E31FB64288004FE32C /* Frameworks */ = {
			isa = PBXFrameworksBuildPhase;
			buildActionMask = 2147483647;
			files = (
			);
			runOnlyForDeploymentPostprocessing = 0;
		};
		F116F8ED1FB64288004FE32C /* Frameworks */ = {
			isa = PBXFrameworksBuildPhase;
			buildActionMask = 2147483647;
			files = (
				F156C57C1FB64F2600EEC593 /* Quick.framework in Frameworks */,
				F156C57B1FB64F2600EEC593 /* Nimble.framework in Frameworks */,
				F116F8F11FB64288004FE32C /* StyleSheet.framework in Frameworks */,
			);
			runOnlyForDeploymentPostprocessing = 0;
		};
		F17BA59A1FC8B570008C7F3C /* Frameworks */ = {
			isa = PBXFrameworksBuildPhase;
			buildActionMask = 2147483647;
			files = (
			);
			runOnlyForDeploymentPostprocessing = 0;
		};
/* End PBXFrameworksBuildPhase section */

/* Begin PBXGroup section */
		F116F8DD1FB64288004FE32C = {
			isa = PBXGroup;
			children = (
				F116F8E91FB64288004FE32C /* StyleSheet */,
				F116F8F41FB64288004FE32C /* StyleSheetTests */,
				F17BA59E1FC8B570008C7F3C /* StyleSheetHost */,
				F116F8E81FB64288004FE32C /* Products */,
				F116F9011FB64B1B004FE32C /* Frameworks */,
			);
			sourceTree = "<group>";
		};
		F116F8E81FB64288004FE32C /* Products */ = {
			isa = PBXGroup;
			children = (
				F116F8E71FB64288004FE32C /* StyleSheet.framework */,
				F116F8F01FB64288004FE32C /* StyleSheetTests.xctest */,
				F17BA59D1FC8B570008C7F3C /* StyleSheetHost.app */,
			);
			name = Products;
			sourceTree = "<group>";
		};
		F116F8E91FB64288004FE32C /* StyleSheet */ = {
			isa = PBXGroup;
			children = (
				F116F8EB1FB64288004FE32C /* Info.plist */,
				F156C5821FB6534300EEC593 /* Style.swift */,
				F116F8EA1FB64288004FE32C /* StyleSheet.h */,
				F17BA5971FC628CF008C7F3C /* RootStyle.swift */,
				F17BA5C11FC97ED2008C7F3C /* Swizzle.swift */,
				F17BA5CC1FCACEBC008C7F3C /* ObjC.swift */,
				F1837B391FE9A6AD009027ED /* View Interceptors */,
			);
			path = StyleSheet;
			sourceTree = "<group>";
		};
		F116F8F41FB64288004FE32C /* StyleSheetTests */ = {
			isa = PBXGroup;
			children = (
				F116F8F71FB64288004FE32C /* Info.plist */,
				F17BA5C31FC98284008C7F3C /* Mocks */,
				F17BA5951FC62866008C7F3C /* RootStyleSpec.swift */,
				F1C9B1771FC0432B003D52A7 /* StyleSheetSpec.swift */,
				F116F8F51FB64288004FE32C /* StyleSpec.swift */,
				F17BA5BF1FC97C48008C7F3C /* SwizzleSpec.swift */,
				F1837B311FE31AF9009027ED /* SwizzlingViewInterceptorSpec.swift */,
			);
			path = StyleSheetTests;
			sourceTree = "<group>";
		};
		F116F9011FB64B1B004FE32C /* Frameworks */ = {
			isa = PBXGroup;
			children = (
				F156C57A1FB64F2600EEC593 /* Quick.framework */,
				F156C5791FB64F2600EEC593 /* Nimble.framework */,
			);
			name = Frameworks;
			sourceTree = "<group>";
		};
		F17BA59E1FC8B570008C7F3C /* StyleSheetHost */ = {
			isa = PBXGroup;
			children = (
				F17BA59F1FC8B570008C7F3C /* AppDelegate.swift */,
				F17BA5A61FC8B570008C7F3C /* Assets.xcassets */,
				F17BA5A81FC8B570008C7F3C /* LaunchScreen.storyboard */,
				F17BA5AB1FC8B570008C7F3C /* Info.plist */,
			);
			path = StyleSheetHost;
			sourceTree = "<group>";
		};
		F17BA5C31FC98284008C7F3C /* Mocks */ = {
			isa = PBXGroup;
			children = (
				F17BA5C41FC98294008C7F3C /* StyleBodyMock.swift */,
				F17BA5C61FC982AC008C7F3C /* StyleMock.swift */,
				F17BA5C81FC982D7008C7F3C /* StyleTarget.swift */,
				F17BA5CA1FC98A23008C7F3C /* SwizzleTarget.swift */,
				F1D3FD981FEEE2CC00AABE20 /* ViewInterceptorMock.swift */,
			);
			path = Mocks;
			sourceTree = "<group>";
		};
		F1837B391FE9A6AD009027ED /* View Interceptors */ = {
			isa = PBXGroup;
			children = (
				F1837B331FE31B56009027ED /* SwizzlingViewInterceptor.swift */,
				F1837B371FE9A65A009027ED /* ViewIntercepting.swift */,
			);
			path = "View Interceptors";
			sourceTree = "<group>";
		};
/* End PBXGroup section */

/* Begin PBXHeadersBuildPhase section */
		F116F8E41FB64288004FE32C /* Headers */ = {
			isa = PBXHeadersBuildPhase;
			buildActionMask = 2147483647;
			files = (
				F116F8F81FB64288004FE32C /* StyleSheet.h in Headers */,
			);
			runOnlyForDeploymentPostprocessing = 0;
		};
/* End PBXHeadersBuildPhase section */

/* Begin PBXNativeTarget section */
		F116F8E61FB64288004FE32C /* StyleSheet */ = {
			isa = PBXNativeTarget;
			buildConfigurationList = F116F8FB1FB64288004FE32C /* Build configuration list for PBXNativeTarget "StyleSheet" */;
			buildPhases = (
				F116F8E21FB64288004FE32C /* Sources */,
				F116F8E31FB64288004FE32C /* Frameworks */,
				F116F8E41FB64288004FE32C /* Headers */,
				F116F8E51FB64288004FE32C /* Resources */,
			);
			buildRules = (
			);
			dependencies = (
			);
			name = StyleSheet;
			productName = StyleSheet;
			productReference = F116F8E71FB64288004FE32C /* StyleSheet.framework */;
			productType = "com.apple.product-type.framework";
		};
		F116F8EF1FB64288004FE32C /* StyleSheetTests */ = {
			isa = PBXNativeTarget;
			buildConfigurationList = F116F8FE1FB64288004FE32C /* Build configuration list for PBXNativeTarget "StyleSheetTests" */;
			buildPhases = (
				F116F8EC1FB64288004FE32C /* Sources */,
				F116F8ED1FB64288004FE32C /* Frameworks */,
				F156C57F1FB651A000EEC593 /* CopyFiles */,
				F116F8EE1FB64288004FE32C /* Resources */,
			);
			buildRules = (
			);
			dependencies = (
				F116F8F31FB64288004FE32C /* PBXTargetDependency */,
				F17BA5BE1FC8B578008C7F3C /* PBXTargetDependency */,
			);
			name = StyleSheetTests;
			productName = StyleSheetTests;
			productReference = F116F8F01FB64288004FE32C /* StyleSheetTests.xctest */;
			productType = "com.apple.product-type.bundle.unit-test";
		};
		F17BA59C1FC8B570008C7F3C /* StyleSheetHost */ = {
			isa = PBXNativeTarget;
			buildConfigurationList = F17BA5B71FC8B570008C7F3C /* Build configuration list for PBXNativeTarget "StyleSheetHost" */;
			buildPhases = (
				F17BA5991FC8B570008C7F3C /* Sources */,
				F17BA59A1FC8B570008C7F3C /* Frameworks */,
				F17BA59B1FC8B570008C7F3C /* Resources */,
			);
			buildRules = (
			);
			dependencies = (
			);
			name = StyleSheetHost;
			productName = StyleSheetHost;
			productReference = F17BA59D1FC8B570008C7F3C /* StyleSheetHost.app */;
			productType = "com.apple.product-type.application";
		};
/* End PBXNativeTarget section */

/* Begin PBXProject section */
		F116F8DE1FB64288004FE32C /* Project object */ = {
			isa = PBXProject;
			attributes = {
				LastSwiftUpdateCheck = 0910;
				LastUpgradeCheck = 0910;
				ORGANIZATIONNAME = werediver;
				TargetAttributes = {
					F116F8E61FB64288004FE32C = {
						CreatedOnToolsVersion = 9.1;
						LastSwiftMigration = 0910;
						ProvisioningStyle = Automatic;
					};
					F116F8EF1FB64288004FE32C = {
						CreatedOnToolsVersion = 9.1;
						ProvisioningStyle = Automatic;
						TestTargetID = F17BA59C1FC8B570008C7F3C;
					};
					F17BA59C1FC8B570008C7F3C = {
						CreatedOnToolsVersion = 9.1;
						ProvisioningStyle = Automatic;
					};
				};
			};
			buildConfigurationList = F116F8E11FB64288004FE32C /* Build configuration list for PBXProject "StyleSheet" */;
			compatibilityVersion = "Xcode 8.0";
			developmentRegion = en;
			hasScannedForEncodings = 0;
			knownRegions = (
				en,
				Base,
			);
			mainGroup = F116F8DD1FB64288004FE32C;
			productRefGroup = F116F8E81FB64288004FE32C /* Products */;
			projectDirPath = "";
			projectRoot = "";
			targets = (
				F116F8E61FB64288004FE32C /* StyleSheet */,
				F116F8EF1FB64288004FE32C /* StyleSheetTests */,
				F17BA59C1FC8B570008C7F3C /* StyleSheetHost */,
			);
		};
/* End PBXProject section */

/* Begin PBXResourcesBuildPhase section */
		F116F8E51FB64288004FE32C /* Resources */ = {
			isa = PBXResourcesBuildPhase;
			buildActionMask = 2147483647;
			files = (
			);
			runOnlyForDeploymentPostprocessing = 0;
		};
		F116F8EE1FB64288004FE32C /* Resources */ = {
			isa = PBXResourcesBuildPhase;
			buildActionMask = 2147483647;
			files = (
			);
			runOnlyForDeploymentPostprocessing = 0;
		};
		F17BA59B1FC8B570008C7F3C /* Resources */ = {
			isa = PBXResourcesBuildPhase;
			buildActionMask = 2147483647;
			files = (
				F17BA5AA1FC8B570008C7F3C /* LaunchScreen.storyboard in Resources */,
				F17BA5A71FC8B570008C7F3C /* Assets.xcassets in Resources */,
			);
			runOnlyForDeploymentPostprocessing = 0;
		};
/* End PBXResourcesBuildPhase section */

/* Begin PBXSourcesBuildPhase section */
		F116F8E21FB64288004FE32C /* Sources */ = {
			isa = PBXSourcesBuildPhase;
			buildActionMask = 2147483647;
			files = (
				F1837B341FE31B56009027ED /* SwizzlingViewInterceptor.swift in Sources */,
				F178E8101FCB568D00516878 /* Swizzle.swift in Sources */,
				F156C5831FB6534300EEC593 /* Style.swift in Sources */,
				F17BA5981FC628CF008C7F3C /* RootStyle.swift in Sources */,
				F1837B381FE9A65A009027ED /* ViewIntercepting.swift in Sources */,
				F178E8111FCB568D00516878 /* ObjC.swift in Sources */,
			);
			runOnlyForDeploymentPostprocessing = 0;
		};
		F116F8EC1FB64288004FE32C /* Sources */ = {
			isa = PBXSourcesBuildPhase;
			buildActionMask = 2147483647;
			files = (
				F17BA5C51FC98294008C7F3C /* StyleBodyMock.swift in Sources */,
				F17BA5C71FC982AC008C7F3C /* StyleMock.swift in Sources */,
				F1D3FD991FEEE2CC00AABE20 /* ViewInterceptorMock.swift in Sources */,
				F1C9B1781FC0432B003D52A7 /* StyleSheetSpec.swift in Sources */,
				F17BA5C91FC982D7008C7F3C /* StyleTarget.swift in Sources */,
				F116F8F61FB64288004FE32C /* StyleSpec.swift in Sources */,
				F17BA5CB1FC98A23008C7F3C /* SwizzleTarget.swift in Sources */,
				F17BA5961FC62866008C7F3C /* RootStyleSpec.swift in Sources */,
				F178E80F1FCB568800516878 /* SwizzleSpec.swift in Sources */,
				F1837B321FE31AF9009027ED /* SwizzlingViewInterceptorSpec.swift in Sources */,
			);
			runOnlyForDeploymentPostprocessing = 0;
		};
		F17BA5991FC8B570008C7F3C /* Sources */ = {
			isa = PBXSourcesBuildPhase;
			buildActionMask = 2147483647;
			files = (
				F17BA5A01FC8B570008C7F3C /* AppDelegate.swift in Sources */,
			);
			runOnlyForDeploymentPostprocessing = 0;
		};
/* End PBXSourcesBuildPhase section */

/* Begin PBXTargetDependency section */
		F116F8F31FB64288004FE32C /* PBXTargetDependency */ = {
			isa = PBXTargetDependency;
			target = F116F8E61FB64288004FE32C /* StyleSheet */;
			targetProxy = F116F8F21FB64288004FE32C /* PBXContainerItemProxy */;
		};
		F17BA5BE1FC8B578008C7F3C /* PBXTargetDependency */ = {
			isa = PBXTargetDependency;
			target = F17BA59C1FC8B570008C7F3C /* StyleSheetHost */;
			targetProxy = F17BA5BD1FC8B578008C7F3C /* PBXContainerItemProxy */;
		};
/* End PBXTargetDependency section */

/* Begin PBXVariantGroup section */
		F17BA5A81FC8B570008C7F3C /* LaunchScreen.storyboard */ = {
			isa = PBXVariantGroup;
			children = (
				F17BA5A91FC8B570008C7F3C /* Base */,
			);
			name = LaunchScreen.storyboard;
			sourceTree = "<group>";
		};
/* End PBXVariantGroup section */

/* Begin XCBuildConfiguration section */
		F116F8F91FB64288004FE32C /* Debug */ = {
			isa = XCBuildConfiguration;
			buildSettings = {
				ALWAYS_SEARCH_USER_PATHS = NO;
				CLANG_ANALYZER_NONNULL = YES;
				CLANG_ANALYZER_NUMBER_OBJECT_CONVERSION = YES_AGGRESSIVE;
				CLANG_CXX_LANGUAGE_STANDARD = "gnu++14";
				CLANG_CXX_LIBRARY = "libc++";
				CLANG_ENABLE_MODULES = YES;
				CLANG_ENABLE_OBJC_ARC = YES;
				CLANG_WARN_BLOCK_CAPTURE_AUTORELEASING = YES;
				CLANG_WARN_BOOL_CONVERSION = YES;
				CLANG_WARN_COMMA = YES;
				CLANG_WARN_CONSTANT_CONVERSION = YES;
				CLANG_WARN_DIRECT_OBJC_ISA_USAGE = YES_ERROR;
				CLANG_WARN_DOCUMENTATION_COMMENTS = YES;
				CLANG_WARN_EMPTY_BODY = YES;
				CLANG_WARN_ENUM_CONVERSION = YES;
				CLANG_WARN_INFINITE_RECURSION = YES;
				CLANG_WARN_INT_CONVERSION = YES;
				CLANG_WARN_NON_LITERAL_NULL_CONVERSION = YES;
				CLANG_WARN_OBJC_LITERAL_CONVERSION = YES;
				CLANG_WARN_OBJC_ROOT_CLASS = YES_ERROR;
				CLANG_WARN_RANGE_LOOP_ANALYSIS = YES;
				CLANG_WARN_STRICT_PROTOTYPES = YES;
				CLANG_WARN_SUSPICIOUS_MOVE = YES;
				CLANG_WARN_UNGUARDED_AVAILABILITY = YES_AGGRESSIVE;
				CLANG_WARN_UNREACHABLE_CODE = YES;
				CLANG_WARN__DUPLICATE_METHOD_MATCH = YES;
				CODE_SIGN_IDENTITY = "iPhone Developer";
				COPY_PHASE_STRIP = NO;
				DEBUG_INFORMATION_FORMAT = dwarf;
				ENABLE_STRICT_OBJC_MSGSEND = YES;
				ENABLE_TESTABILITY = YES;
				GCC_C_LANGUAGE_STANDARD = gnu11;
				GCC_NO_COMMON_BLOCKS = YES;
				GCC_OPTIMIZATION_LEVEL = 0;
				GCC_PREPROCESSOR_DEFINITIONS = (
					"DEBUG=1",
					"$(inherited)",
				);
				GCC_WARN_64_TO_32_BIT_CONVERSION = YES;
				GCC_WARN_ABOUT_RETURN_TYPE = YES_ERROR;
				GCC_WARN_UNDECLARED_SELECTOR = YES;
				GCC_WARN_UNINITIALIZED_AUTOS = YES_AGGRESSIVE;
				GCC_WARN_UNUSED_FUNCTION = YES;
				GCC_WARN_UNUSED_VARIABLE = YES;
				IPHONEOS_DEPLOYMENT_TARGET = 8.0;
				MTL_ENABLE_DEBUG_INFO = YES;
				ONLY_ACTIVE_ARCH = YES;
				SDKROOT = iphoneos;
				SWIFT_ACTIVE_COMPILATION_CONDITIONS = DEBUG;
				SWIFT_OPTIMIZATION_LEVEL = "-Onone";
			};
			name = Debug;
		};
		F116F8FA1FB64288004FE32C /* Release */ = {
			isa = XCBuildConfiguration;
			buildSettings = {
				ALWAYS_SEARCH_USER_PATHS = NO;
				CLANG_ANALYZER_NONNULL = YES;
				CLANG_ANALYZER_NUMBER_OBJECT_CONVERSION = YES_AGGRESSIVE;
				CLANG_CXX_LANGUAGE_STANDARD = "gnu++14";
				CLANG_CXX_LIBRARY = "libc++";
				CLANG_ENABLE_MODULES = YES;
				CLANG_ENABLE_OBJC_ARC = YES;
				CLANG_WARN_BLOCK_CAPTURE_AUTORELEASING = YES;
				CLANG_WARN_BOOL_CONVERSION = YES;
				CLANG_WARN_COMMA = YES;
				CLANG_WARN_CONSTANT_CONVERSION = YES;
				CLANG_WARN_DIRECT_OBJC_ISA_USAGE = YES_ERROR;
				CLANG_WARN_DOCUMENTATION_COMMENTS = YES;
				CLANG_WARN_EMPTY_BODY = YES;
				CLANG_WARN_ENUM_CONVERSION = YES;
				CLANG_WARN_INFINITE_RECURSION = YES;
				CLANG_WARN_INT_CONVERSION = YES;
				CLANG_WARN_NON_LITERAL_NULL_CONVERSION = YES;
				CLANG_WARN_OBJC_LITERAL_CONVERSION = YES;
				CLANG_WARN_OBJC_ROOT_CLASS = YES_ERROR;
				CLANG_WARN_RANGE_LOOP_ANALYSIS = YES;
				CLANG_WARN_STRICT_PROTOTYPES = YES;
				CLANG_WARN_SUSPICIOUS_MOVE = YES;
				CLANG_WARN_UNGUARDED_AVAILABILITY = YES_AGGRESSIVE;
				CLANG_WARN_UNREACHABLE_CODE = YES;
				CLANG_WARN__DUPLICATE_METHOD_MATCH = YES;
				CODE_SIGN_IDENTITY = "iPhone Developer";
				COPY_PHASE_STRIP = NO;
				ENABLE_NS_ASSERTIONS = NO;
				ENABLE_STRICT_OBJC_MSGSEND = YES;
				GCC_C_LANGUAGE_STANDARD = gnu11;
				GCC_NO_COMMON_BLOCKS = YES;
				GCC_WARN_64_TO_32_BIT_CONVERSION = YES;
				GCC_WARN_ABOUT_RETURN_TYPE = YES_ERROR;
				GCC_WARN_UNDECLARED_SELECTOR = YES;
				GCC_WARN_UNINITIALIZED_AUTOS = YES_AGGRESSIVE;
				GCC_WARN_UNUSED_FUNCTION = YES;
				GCC_WARN_UNUSED_VARIABLE = YES;
				IPHONEOS_DEPLOYMENT_TARGET = 8.0;
				MTL_ENABLE_DEBUG_INFO = NO;
				SDKROOT = iphoneos;
				SWIFT_OPTIMIZATION_LEVEL = "-Owholemodule";
				VALIDATE_PRODUCT = YES;
			};
			name = Release;
		};
		F116F8FC1FB64288004FE32C /* Debug */ = {
			isa = XCBuildConfiguration;
			buildSettings = {
				CLANG_ENABLE_MODULES = YES;
				CODE_SIGN_IDENTITY = "";
				CODE_SIGN_STYLE = Automatic;
				DEFINES_MODULE = YES;
				DYLIB_COMPATIBILITY_VERSION = 1;
				DYLIB_CURRENT_VERSION = 1;
				DYLIB_INSTALL_NAME_BASE = "@rpath";
				INFOPLIST_FILE = StyleSheet/Info.plist;
				INSTALL_PATH = "$(LOCAL_LIBRARY_DIR)/Frameworks";
				LD_RUNPATH_SEARCH_PATHS = "$(inherited) @executable_path/Frameworks @loader_path/Frameworks";
				PRODUCT_BUNDLE_IDENTIFIER = "werediver.$(PRODUCT_NAME:rfc1034identifier:lower)";
				PRODUCT_NAME = "$(TARGET_NAME:c99extidentifier)";
				SKIP_INSTALL = YES;
				SWIFT_VERSION = 4.0;
				TARGETED_DEVICE_FAMILY = "1,2";
			};
			name = Debug;
		};
		F116F8FD1FB64288004FE32C /* Release */ = {
			isa = XCBuildConfiguration;
			buildSettings = {
				CLANG_ENABLE_MODULES = YES;
				CODE_SIGN_IDENTITY = "";
				CODE_SIGN_STYLE = Automatic;
				DEFINES_MODULE = YES;
				DYLIB_COMPATIBILITY_VERSION = 1;
				DYLIB_CURRENT_VERSION = 1;
				DYLIB_INSTALL_NAME_BASE = "@rpath";
				INFOPLIST_FILE = StyleSheet/Info.plist;
				INSTALL_PATH = "$(LOCAL_LIBRARY_DIR)/Frameworks";
				LD_RUNPATH_SEARCH_PATHS = "$(inherited) @executable_path/Frameworks @loader_path/Frameworks";
				PRODUCT_BUNDLE_IDENTIFIER = "werediver.$(PRODUCT_NAME:rfc1034identifier:lower)";
				PRODUCT_NAME = "$(TARGET_NAME:c99extidentifier)";
				SKIP_INSTALL = YES;
				SWIFT_VERSION = 4.0;
				TARGETED_DEVICE_FAMILY = "1,2";
			};
			name = Release;
		};
		F116F8FF1FB64288004FE32C /* Debug */ = {
			isa = XCBuildConfiguration;
			buildSettings = {
				ALWAYS_EMBED_SWIFT_STANDARD_LIBRARIES = YES;
				CODE_SIGN_STYLE = Automatic;
				FRAMEWORK_SEARCH_PATHS = "$(SRCROOT)/../Carthage/Build/iOS";
				INFOPLIST_FILE = StyleSheetTests/Info.plist;
				LD_RUNPATH_SEARCH_PATHS = "$(inherited) @executable_path/Frameworks @loader_path/Frameworks";
				PRODUCT_BUNDLE_IDENTIFIER = werediver.StyleSheetTests;
				PRODUCT_NAME = "$(TARGET_NAME)";
				SWIFT_VERSION = 4.0;
				TARGETED_DEVICE_FAMILY = "1,2";
				TEST_HOST = "$(BUILT_PRODUCTS_DIR)/StyleSheetHost.app/StyleSheetHost";
			};
			name = Debug;
		};
		F116F9001FB64288004FE32C /* Release */ = {
			isa = XCBuildConfiguration;
			buildSettings = {
				ALWAYS_EMBED_SWIFT_STANDARD_LIBRARIES = YES;
				CODE_SIGN_STYLE = Automatic;
				FRAMEWORK_SEARCH_PATHS = "$(SRCROOT)/../Carthage/Build/iOS";
				INFOPLIST_FILE = StyleSheetTests/Info.plist;
				LD_RUNPATH_SEARCH_PATHS = "$(inherited) @executable_path/Frameworks @loader_path/Frameworks";
				PRODUCT_BUNDLE_IDENTIFIER = werediver.StyleSheetTests;
				PRODUCT_NAME = "$(TARGET_NAME)";
				SWIFT_VERSION = 4.0;
				TARGETED_DEVICE_FAMILY = "1,2";
				TEST_HOST = "$(BUILT_PRODUCTS_DIR)/StyleSheetHost.app/StyleSheetHost";
			};
			name = Release;
		};
		F17BA5B81FC8B570008C7F3C /* Debug */ = {
			isa = XCBuildConfiguration;
			buildSettings = {
				ASSETCATALOG_COMPILER_APPICON_NAME = AppIcon;
				CODE_SIGN_STYLE = Automatic;
				GCC_DYNAMIC_NO_PIC = NO;
				INFOPLIST_FILE = StyleSheetHost/Info.plist;
				IPHONEOS_DEPLOYMENT_TARGET = 11.1;
				LD_RUNPATH_SEARCH_PATHS = "$(inherited) @executable_path/Frameworks";
				PRODUCT_BUNDLE_IDENTIFIER = werediver.StyleSheetHost;
				PRODUCT_NAME = "$(TARGET_NAME)";
				SWIFT_VERSION = 4.0;
				TARGETED_DEVICE_FAMILY = "1,2";
			};
			name = Debug;
		};
		F17BA5B91FC8B570008C7F3C /* Release */ = {
			isa = XCBuildConfiguration;
			buildSettings = {
				ASSETCATALOG_COMPILER_APPICON_NAME = AppIcon;
				CODE_SIGN_STYLE = Automatic;
				DEBUG_INFORMATION_FORMAT = "dwarf-with-dsym";
				INFOPLIST_FILE = StyleSheetHost/Info.plist;
				IPHONEOS_DEPLOYMENT_TARGET = 11.1;
				LD_RUNPATH_SEARCH_PATHS = "$(inherited) @executable_path/Frameworks";
				PRODUCT_BUNDLE_IDENTIFIER = werediver.StyleSheetHost;
				PRODUCT_NAME = "$(TARGET_NAME)";
				SWIFT_VERSION = 4.0;
				TARGETED_DEVICE_FAMILY = "1,2";
			};
			name = Release;
		};
/* End XCBuildConfiguration section */

/* Begin XCConfigurationList section */
		F116F8E11FB64288004FE32C /* Build configuration list for PBXProject "StyleSheet" */ = {
			isa = XCConfigurationList;
			buildConfigurations = (
				F116F8F91FB64288004FE32C /* Debug */,
				F116F8FA1FB64288004FE32C /* Release */,
			);
			defaultConfigurationIsVisible = 0;
			defaultConfigurationName = Release;
		};
		F116F8FB1FB64288004FE32C /* Build configuration list for PBXNativeTarget "StyleSheet" */ = {
			isa = XCConfigurationList;
			buildConfigurations = (
				F116F8FC1FB64288004FE32C /* Debug */,
				F116F8FD1FB64288004FE32C /* Release */,
			);
			defaultConfigurationIsVisible = 0;
			defaultConfigurationName = Release;
		};
		F116F8FE1FB64288004FE32C /* Build configuration list for PBXNativeTarget "StyleSheetTests" */ = {
			isa = XCConfigurationList;
			buildConfigurations = (
				F116F8FF1FB64288004FE32C /* Debug */,
				F116F9001FB64288004FE32C /* Release */,
			);
			defaultConfigurationIsVisible = 0;
			defaultConfigurationName = Release;
		};
		F17BA5B71FC8B570008C7F3C /* Build configuration list for PBXNativeTarget "StyleSheetHost" */ = {
			isa = XCConfigurationList;
			buildConfigurations = (
				F17BA5B81FC8B570008C7F3C /* Debug */,
				F17BA5B91FC8B570008C7F3C /* Release */,
			);
			defaultConfigurationIsVisible = 0;
			defaultConfigurationName = Release;
		};
/* End XCConfigurationList section */
	};
	rootObject = F116F8DE1FB64288004FE32C /* Project object */;
}
