// !$*UTF8*$!
{
	archiveVersion = 1;
	classes = {
	};
	objectVersion = 46;
	objects = {

/* Begin PBXBuildFile section */
		8466D0CB1DB7D432008E6A36 /* AppDelegate.swift in Sources */ = {isa = PBXBuildFile; fileRef = 8466D0CA1DB7D432008E6A36 /* AppDelegate.swift */; };
		8466D0CD1DB7D432008E6A36 /* ViewController.swift in Sources */ = {isa = PBXBuildFile; fileRef = 8466D0CC1DB7D432008E6A36 /* ViewController.swift */; };
		8466D0D21DB7D432008E6A36 /* Assets.xcassets in Resources */ = {isa = PBXBuildFile; fileRef = 8466D0D11DB7D432008E6A36 /* Assets.xcassets */; };
		8466D0E01DB7D50B008E6A36 /* AppStyle.swift in Sources */ = {isa = PBXBuildFile; fileRef = 8466D0DF1DB7D50B008E6A36 /* AppStyle.swift */; };
		8477CD051E130AAF00BCE1E8 /* UIKit+Ext.swift in Sources */ = {isa = PBXBuildFile; fileRef = 8477CD041E130AAF00BCE1E8 /* UIKit+Ext.swift */; };
		84B4EE0B1DD726DB00AFE592 /* DefaultPalette.swift in Sources */ = {isa = PBXBuildFile; fileRef = 84B4EE0A1DD726DB00AFE592 /* DefaultPalette.swift */; };
		84B778531DD86AA200A16D22 /* TitledSwitch.swift in Sources */ = {isa = PBXBuildFile; fileRef = 84B778521DD86AA200A16D22 /* TitledSwitch.swift */; };
		84B778721DD88E3700A16D22 /* StyleSheet.framework in Frameworks */ = {isa = PBXBuildFile; fileRef = 84E91A031DBAA738009AAB39 /* StyleSheet.framework */; };
		84E91A091DBAAE2D009AAB39 /* LaunchScreen.storyboard in Resources */ = {isa = PBXBuildFile; fileRef = 84E91A071DBAAE2D009AAB39 /* LaunchScreen.storyboard */; };
		84E91A0A1DBAAE2D009AAB39 /* Main.storyboard in Resources */ = {isa = PBXBuildFile; fileRef = 84E91A081DBAAE2D009AAB39 /* Main.storyboard */; };
/* End PBXBuildFile section */

/* Begin PBXContainerItemProxy section */
		84CB88D31EA0D1CA00B83065 /* PBXContainerItemProxy */ = {
			isa = PBXContainerItemProxy;
			containerPortal = 84E919FE1DBAA738009AAB39 /* StyleSheet.xcodeproj */;
			proxyType = 2;
			remoteGlobalIDString = 84CB88C61EA0C81400B83065;
			remoteInfo = "StyleSheet-macOS";
		};
		84E91A021DBAA738009AAB39 /* PBXContainerItemProxy */ = {
			isa = PBXContainerItemProxy;
			containerPortal = 84E919FE1DBAA738009AAB39 /* StyleSheet.xcodeproj */;
			proxyType = 2;
			remoteGlobalIDString = 842686431DBA726400D0402D;
			remoteInfo = StyleSheet;
		};
/* End PBXContainerItemProxy section */

/* Begin PBXCopyFilesBuildPhase section */
		84B778711DD88E1300A16D22 /* Embed Frameworks */ = {
			isa = PBXCopyFilesBuildPhase;
			buildActionMask = 2147483647;
			dstPath = "";
			dstSubfolderSpec = 10;
			files = (
			);
			name = "Embed Frameworks";
			runOnlyForDeploymentPostprocessing = 0;
		};
/* End PBXCopyFilesBuildPhase section */

/* Begin PBXFileReference section */
		8466D0C71DB7D432008E6A36 /* StyleSheet Example.app */ = {isa = PBXFileReference; explicitFileType = wrapper.application; includeInIndex = 0; path = "StyleSheet Example.app"; sourceTree = BUILT_PRODUCTS_DIR; };
		8466D0CA1DB7D432008E6A36 /* AppDelegate.swift */ = {isa = PBXFileReference; lastKnownFileType = sourcecode.swift; path = AppDelegate.swift; sourceTree = "<group>"; };
		8466D0CC1DB7D432008E6A36 /* ViewController.swift */ = {isa = PBXFileReference; lastKnownFileType = sourcecode.swift; path = ViewController.swift; sourceTree = "<group>"; };
		8466D0D11DB7D432008E6A36 /* Assets.xcassets */ = {isa = PBXFileReference; lastKnownFileType = folder.assetcatalog; path = Assets.xcassets; sourceTree = "<group>"; };
		8466D0D61DB7D432008E6A36 /* Info.plist */ = {isa = PBXFileReference; lastKnownFileType = text.plist.xml; path = Info.plist; sourceTree = "<group>"; };
		8466D0DF1DB7D50B008E6A36 /* AppStyle.swift */ = {isa = PBXFileReference; fileEncoding = 4; lastKnownFileType = sourcecode.swift; path = AppStyle.swift; sourceTree = "<group>"; };
		8477CD041E130AAF00BCE1E8 /* UIKit+Ext.swift */ = {isa = PBXFileReference; fileEncoding = 4; lastKnownFileType = sourcecode.swift; path = "UIKit+Ext.swift"; sourceTree = "<group>"; };
		84B4EE0A1DD726DB00AFE592 /* DefaultPalette.swift */ = {isa = PBXFileReference; fileEncoding = 4; lastKnownFileType = sourcecode.swift; path = DefaultPalette.swift; sourceTree = "<group>"; };
		84B778521DD86AA200A16D22 /* TitledSwitch.swift */ = {isa = PBXFileReference; fileEncoding = 4; lastKnownFileType = sourcecode.swift; path = TitledSwitch.swift; sourceTree = "<group>"; };
		84E919FE1DBAA738009AAB39 /* StyleSheet.xcodeproj */ = {isa = PBXFileReference; lastKnownFileType = "wrapper.pb-project"; name = StyleSheet.xcodeproj; path = ../StyleSheet.xcodeproj; sourceTree = "<group>"; };
		84E91A071DBAAE2D009AAB39 /* LaunchScreen.storyboard */ = {isa = PBXFileReference; fileEncoding = 4; lastKnownFileType = file.storyboard; path = LaunchScreen.storyboard; sourceTree = "<group>"; };
		84E91A081DBAAE2D009AAB39 /* Main.storyboard */ = {isa = PBXFileReference; fileEncoding = 4; lastKnownFileType = file.storyboard; path = Main.storyboard; sourceTree = "<group>"; };
/* End PBXFileReference section */

/* Begin PBXFrameworksBuildPhase section */
		8466D0C41DB7D432008E6A36 /* Frameworks */ = {
			isa = PBXFrameworksBuildPhase;
			buildActionMask = 2147483647;
			files = (
				84B778721DD88E3700A16D22 /* StyleSheet.framework in Frameworks */,
			);
			runOnlyForDeploymentPostprocessing = 0;
		};
/* End PBXFrameworksBuildPhase section */

/* Begin PBXGroup section */
		8466D0BE1DB7D432008E6A36 = {
			isa = PBXGroup;
			children = (
				84E919FE1DBAA738009AAB39 /* StyleSheet.xcodeproj */,
				8466D0C91DB7D432008E6A36 /* Sources */,
				8466D0C81DB7D432008E6A36 /* Products */,
			);
			sourceTree = "<group>";
		};
		8466D0C81DB7D432008E6A36 /* Products */ = {
			isa = PBXGroup;
			children = (
				8466D0C71DB7D432008E6A36 /* StyleSheet Example.app */,
			);
			name = Products;
			sourceTree = "<group>";
		};
		8466D0C91DB7D432008E6A36 /* Sources */ = {
			isa = PBXGroup;
			children = (
				8466D0CA1DB7D432008E6A36 /* AppDelegate.swift */,
				84B778521DD86AA200A16D22 /* TitledSwitch.swift */,
				8477CD041E130AAF00BCE1E8 /* UIKit+Ext.swift */,
				8466D0CC1DB7D432008E6A36 /* ViewController.swift */,
				848765B71E16F98300A3F88A /* Style */,
				8466D0DC1DB7D46C008E6A36 /* Resources */,
			);
			path = Sources;
			sourceTree = "<group>";
		};
		8466D0DC1DB7D46C008E6A36 /* Resources */ = {
			isa = PBXGroup;
			children = (
				8466D0D11DB7D432008E6A36 /* Assets.xcassets */,
				8466D0D61DB7D432008E6A36 /* Info.plist */,
				84E91A071DBAAE2D009AAB39 /* LaunchScreen.storyboard */,
				84E91A081DBAAE2D009AAB39 /* Main.storyboard */,
			);
			name = Resources;
			sourceTree = "<group>";
		};
		848765B71E16F98300A3F88A /* Style */ = {
			isa = PBXGroup;
			children = (
				8466D0DF1DB7D50B008E6A36 /* AppStyle.swift */,
				84B4EE0A1DD726DB00AFE592 /* DefaultPalette.swift */,
			);
			name = Style;
			sourceTree = "<group>";
		};
		84E919FF1DBAA738009AAB39 /* Products */ = {
			isa = PBXGroup;
			children = (
				84E91A031DBAA738009AAB39 /* StyleSheet.framework */,
				84CB88D41EA0D1CA00B83065 /* StyleSheet.framework */,
			);
			name = Products;
			sourceTree = "<group>";
		};
/* End PBXGroup section */

/* Begin PBXNativeTarget section */
		8466D0C61DB7D432008E6A36 /* StyleSheet Example */ = {
			isa = PBXNativeTarget;
			buildConfigurationList = 8466D0D91DB7D432008E6A36 /* Build configuration list for PBXNativeTarget "StyleSheet Example" */;
			buildPhases = (
				8466D0C31DB7D432008E6A36 /* Sources */,
				8466D0C41DB7D432008E6A36 /* Frameworks */,
				8466D0C51DB7D432008E6A36 /* Resources */,
				84B778711DD88E1300A16D22 /* Embed Frameworks */,
			);
			buildRules = (
			);
			dependencies = (
			);
			name = "StyleSheet Example";
			productName = StylingConcept;
			productReference = 8466D0C71DB7D432008E6A36 /* StyleSheet Example.app */;
			productType = "com.apple.product-type.application";
		};
/* End PBXNativeTarget section */

/* Begin PBXProject section */
		8466D0BF1DB7D432008E6A36 /* Project object */ = {
			isa = PBXProject;
			attributes = {
				LastSwiftUpdateCheck = 0730;
				LastUpgradeCheck = 1000;
				TargetAttributes = {
					8466D0C61DB7D432008E6A36 = {
						CreatedOnToolsVersion = 7.3.1;
						LastSwiftMigration = 0910;
					};
				};
			};
			buildConfigurationList = 8466D0C21DB7D432008E6A36 /* Build configuration list for PBXProject "StyleSheet Example" */;
			compatibilityVersion = "Xcode 3.2";
			developmentRegion = English;
			hasScannedForEncodings = 0;
			knownRegions = (
				en,
			);
			mainGroup = 8466D0BE1DB7D432008E6A36;
			productRefGroup = 8466D0C81DB7D432008E6A36 /* Products */;
			projectDirPath = "";
			projectReferences = (
				{
					ProductGroup = 84E919FF1DBAA738009AAB39 /* Products */;
					ProjectRef = 84E919FE1DBAA738009AAB39 /* StyleSheet.xcodeproj */;
				},
			);
			projectRoot = "";
			targets = (
				8466D0C61DB7D432008E6A36 /* StyleSheet Example */,
			);
		};
/* End PBXProject section */

/* Begin PBXReferenceProxy section */
		84CB88D41EA0D1CA00B83065 /* StyleSheet.framework */ = {
			isa = PBXReferenceProxy;
			fileType = wrapper.framework;
			path = StyleSheet.framework;
			remoteRef = 84CB88D31EA0D1CA00B83065 /* PBXContainerItemProxy */;
			sourceTree = BUILT_PRODUCTS_DIR;
		};
		84E91A031DBAA738009AAB39 /* StyleSheet.framework */ = {
			isa = PBXReferenceProxy;
			fileType = wrapper.framework;
			path = StyleSheet.framework;
			remoteRef = 84E91A021DBAA738009AAB39 /* PBXContainerItemProxy */;
			sourceTree = BUILT_PRODUCTS_DIR;
		};
/* End PBXReferenceProxy section */

/* Begin PBXResourcesBuildPhase section */
		8466D0C51DB7D432008E6A36 /* Resources */ = {
			isa = PBXResourcesBuildPhase;
			buildActionMask = 2147483647;
			files = (
				84E91A091DBAAE2D009AAB39 /* LaunchScreen.storyboard in Resources */,
				84E91A0A1DBAAE2D009AAB39 /* Main.storyboard in Resources */,
				8466D0D21DB7D432008E6A36 /* Assets.xcassets in Resources */,
			);
			runOnlyForDeploymentPostprocessing = 0;
		};
/* End PBXResourcesBuildPhase section */

/* Begin PBXSourcesBuildPhase section */
		8466D0C31DB7D432008E6A36 /* Sources */ = {
			isa = PBXSourcesBuildPhase;
			buildActionMask = 2147483647;
			files = (
				8466D0CD1DB7D432008E6A36 /* ViewController.swift in Sources */,
				8466D0CB1DB7D432008E6A36 /* AppDelegate.swift in Sources */,
				8477CD051E130AAF00BCE1E8 /* UIKit+Ext.swift in Sources */,
				84B778531DD86AA200A16D22 /* TitledSwitch.swift in Sources */,
				8466D0E01DB7D50B008E6A36 /* AppStyle.swift in Sources */,
				84B4EE0B1DD726DB00AFE592 /* DefaultPalette.swift in Sources */,
			);
			runOnlyForDeploymentPostprocessing = 0;
		};
/* End PBXSourcesBuildPhase section */

/* Begin XCBuildConfiguration section */
		8466D0D71DB7D432008E6A36 /* Debug */ = {
			isa = XCBuildConfiguration;
			buildSettings = {
				ALWAYS_SEARCH_USER_PATHS = NO;
				CLANG_ANALYZER_NONNULL = YES;
				CLANG_CXX_LANGUAGE_STANDARD = "gnu++0x";
				CLANG_CXX_LIBRARY = "libc++";
				CLANG_ENABLE_MODULES = YES;
				CLANG_ENABLE_OBJC_ARC = YES;
				CLANG_WARN_BLOCK_CAPTURE_AUTORELEASING = YES;
				CLANG_WARN_BOOL_CONVERSION = YES;
				CLANG_WARN_COMMA = YES;
				CLANG_WARN_CONSTANT_CONVERSION = YES;
				CLANG_WARN_DEPRECATED_OBJC_IMPLEMENTATIONS = YES;
				CLANG_WARN_DIRECT_OBJC_ISA_USAGE = YES_ERROR;
				CLANG_WARN_EMPTY_BODY = YES;
				CLANG_WARN_ENUM_CONVERSION = YES;
				CLANG_WARN_INFINITE_RECURSION = YES;
				CLANG_WARN_INT_CONVERSION = YES;
				CLANG_WARN_NON_LITERAL_NULL_CONVERSION = YES;
				CLANG_WARN_OBJC_IMPLICIT_RETAIN_SELF = YES;
				CLANG_WARN_OBJC_LITERAL_CONVERSION = YES;
				CLANG_WARN_OBJC_ROOT_CLASS = YES_ERROR;
				CLANG_WARN_RANGE_LOOP_ANALYSIS = YES;
				CLANG_WARN_STRICT_PROTOTYPES = YES;
				CLANG_WARN_SUSPICIOUS_MOVE = YES;
				CLANG_WARN_UNREACHABLE_CODE = YES;
				CLANG_WARN__DUPLICATE_METHOD_MATCH = YES;
				"CODE_SIGN_IDENTITY[sdk=iphoneos*]" = "iPhone Developer";
				COPY_PHASE_STRIP = NO;
				DEBUG_INFORMATION_FORMAT = dwarf;
				ENABLE_STRICT_OBJC_MSGSEND = YES;
				ENABLE_TESTABILITY = YES;
				GCC_C_LANGUAGE_STANDARD = gnu99;
				GCC_DYNAMIC_NO_PIC = NO;
				GCC_NO_COMMON_BLOCKS = YES;
				GCC_OPTIMIZATION_LEVEL = 0;
				GCC_PREPROCESSOR_DEFINITIONS = (
					"DEBUG=1",
					"$(inherited)",
				);
				GCC_WARN_64_TO_32_BIT_CONVERSION = YES;
				GCC_WARN_ABOUT_RETURN_TYPE = YES_ERROR;
				GCC_WARN_UNDECLARED_SELECTOR = YES;
				GCC_WARN_UNINITIALIZED_AUTOS = YES_AGGRESSIVE;
				GCC_WARN_UNUSED_FUNCTION = YES;
				GCC_WARN_UNUSED_VARIABLE = YES;
				MTL_ENABLE_DEBUG_INFO = YES;
				ONLY_ACTIVE_ARCH = YES;
				SDKROOT = iphoneos;
				SWIFT_OPTIMIZATION_LEVEL = "-Onone";
				SWIFT_VERSION = 4.2;
				TARGETED_DEVICE_FAMILY = "1,2";
			};
			name = Debug;
		};
		8466D0D81DB7D432008E6A36 /* Release */ = {
			isa = XCBuildConfiguration;
			buildSettings = {
				ALWAYS_SEARCH_USER_PATHS = NO;
				CLANG_ANALYZER_NONNULL = YES;
				CLANG_CXX_LANGUAGE_STANDARD = "gnu++0x";
				CLANG_CXX_LIBRARY = "libc++";
				CLANG_ENABLE_MODULES = YES;
				CLANG_ENABLE_OBJC_ARC = YES;
				CLANG_WARN_BLOCK_CAPTURE_AUTORELEASING = YES;
				CLANG_WARN_BOOL_CONVERSION = YES;
				CLANG_WARN_COMMA = YES;
				CLANG_WARN_CONSTANT_CONVERSION = YES;
				CLANG_WARN_DEPRECATED_OBJC_IMPLEMENTATIONS = YES;
				CLANG_WARN_DIRECT_OBJC_ISA_USAGE = YES_ERROR;
				CLANG_WARN_EMPTY_BODY = YES;
				CLANG_WARN_ENUM_CONVERSION = YES;
				CLANG_WARN_INFINITE_RECURSION = YES;
				CLANG_WARN_INT_CONVERSION = YES;
				CLANG_WARN_NON_LITERAL_NULL_CONVERSION = YES;
				CLANG_WARN_OBJC_IMPLICIT_RETAIN_SELF = YES;
				CLANG_WARN_OBJC_LITERAL_CONVERSION = YES;
				CLANG_WARN_OBJC_ROOT_CLASS = YES_ERROR;
				CLANG_WARN_RANGE_LOOP_ANALYSIS = YES;
				CLANG_WARN_STRICT_PROTOTYPES = YES;
				CLANG_WARN_SUSPICIOUS_MOVE = YES;
				CLANG_WARN_UNREACHABLE_CODE = YES;
				CLANG_WARN__DUPLICATE_METHOD_MATCH = YES;
				"CODE_SIGN_IDENTITY[sdk=iphoneos*]" = "iPhone Developer";
				COPY_PHASE_STRIP = NO;
				DEBUG_INFORMATION_FORMAT = "dwarf-with-dsym";
				ENABLE_NS_ASSERTIONS = NO;
				ENABLE_STRICT_OBJC_MSGSEND = YES;
				GCC_C_LANGUAGE_STANDARD = gnu99;
				GCC_NO_COMMON_BLOCKS = YES;
				GCC_WARN_64_TO_32_BIT_CONVERSION = YES;
				GCC_WARN_ABOUT_RETURN_TYPE = YES_ERROR;
				GCC_WARN_UNDECLARED_SELECTOR = YES;
				GCC_WARN_UNINITIALIZED_AUTOS = YES_AGGRESSIVE;
				GCC_WARN_UNUSED_FUNCTION = YES;
				GCC_WARN_UNUSED_VARIABLE = YES;
				MTL_ENABLE_DEBUG_INFO = NO;
				SDKROOT = iphoneos;
				SWIFT_OPTIMIZATION_LEVEL = "-Owholemodule";
				SWIFT_VERSION = 4.2;
				TARGETED_DEVICE_FAMILY = "1,2";
				VALIDATE_PRODUCT = YES;
			};
			name = Release;
		};
		8466D0DA1DB7D432008E6A36 /* Debug */ = {
			isa = XCBuildConfiguration;
			buildSettings = {
				ASSETCATALOG_COMPILER_APPICON_NAME = AppIcon;
				INFOPLIST_FILE = Sources/Info.plist;
				IPHONEOS_DEPLOYMENT_TARGET = 9.0;
				LD_RUNPATH_SEARCH_PATHS = "$(inherited) @executable_path/Frameworks";
				PRODUCT_BUNDLE_IDENTIFIER = werediver.stylesheet.example;
				PRODUCT_NAME = "StyleSheet Example";
			};
			name = Debug;
		};
		8466D0DB1DB7D432008E6A36 /* Release */ = {
			isa = XCBuildConfiguration;
			buildSettings = {
				ASSETCATALOG_COMPILER_APPICON_NAME = AppIcon;
				INFOPLIST_FILE = Sources/Info.plist;
				IPHONEOS_DEPLOYMENT_TARGET = 9.0;
				LD_RUNPATH_SEARCH_PATHS = "$(inherited) @executable_path/Frameworks";
				PRODUCT_BUNDLE_IDENTIFIER = werediver.stylesheet.example;
				PRODUCT_NAME = "StyleSheet Example";
			};
			name = Release;
		};
/* End XCBuildConfiguration section */

/* Begin XCConfigurationList section */
		8466D0C21DB7D432008E6A36 /* Build configuration list for PBXProject "StyleSheet Example" */ = {
			isa = XCConfigurationList;
			buildConfigurations = (
				8466D0D71DB7D432008E6A36 /* Debug */,
				8466D0D81DB7D432008E6A36 /* Release */,
			);
			defaultConfigurationIsVisible = 0;
			defaultConfigurationName = Release;
		};
		8466D0D91DB7D432008E6A36 /* Build configuration list for PBXNativeTarget "StyleSheet Example" */ = {
			isa = XCConfigurationList;
			buildConfigurations = (
				8466D0DA1DB7D432008E6A36 /* Debug */,
				8466D0DB1DB7D432008E6A36 /* Release */,
			);
			defaultConfigurationIsVisible = 0;
			defaultConfigurationName = Release;
		};
/* End XCConfigurationList section */
	};
	rootObject = 8466D0BF1DB7D432008E6A36 /* Project object */;
}
